
Microsoft Visual Studio Solution File, Format Version 12.00
#
Project("{FAE04EC0-301F-11D3-BF4B-00C04F79EFBC}") = "TravelBlog.API", "TravelBlog.API\TravelBlog.API.csproj", "{C64D223D-1B9C-4C71-B913-6A7FE1FB9086}"
EndProject
Project("{2150E333-8FDC-42A3-9474-1A3956D46DE8}") = "Solution Items", "Solution Items", "{58097466-9107-472F-B2EA-62ABC3B39584}"
	ProjectSection(SolutionItems) = preProject
		docker-compose.yml = docker-compose.yml
	EndProjectSection
EndProject
Project("{FAE04EC0-301F-11D3-BF4B-00C04F79EFBC}") = "TravelBlog.Domain", "TravelBlog.Domain\TravelBlog.Domain.csproj", "{04CAEDDF-10A7-4CF3-AA1B-99EBFF26E2E1}"
EndProject
Project("{FAE04EC0-301F-11D3-BF4B-00C04F79EFBC}") = "TravelBlog.Application", "TravelBlog.Application\TravelBlog.Application.csproj", "{6CE84026-0C4B-438F-AA24-2206228AD975}"
EndProject
Project("{FAE04EC0-301F-11D3-BF4B-00C04F79EFBC}") = "TravelBlog.Infrastructure", "TravelBlog.Infrastructure\TravelBlog.Infrastructure.csproj", "{B0D35C14-1926-46F1-81FF-F285F05EF4FB}"
EndProject
Project("{FAE04EC0-301F-11D3-BF4B-00C04F79EFBC}") = "TravelBlog.Shared", "TravelBlog.Shared\TravelBlog.Shared.csproj", "{1D1A2086-1FD1-4C79-B3F0-4D664E571B9F}"
EndProject
Global
	GlobalSection(SolutionConfigurationPlatforms) = preSolution
		Debug|Any CPU = Debug|Any CPU
		Release|Any CPU = Release|Any CPU
	EndGlobalSection
	GlobalSection(ProjectConfigurationPlatforms) = postSolution
		{C64D223D-1B9C-4C71-B913-6A7FE1FB9086}.Debug|Any CPU.ActiveCfg = Debug|Any CPU
		{C64D223D-1B9C-4C71-B913-6A7FE1FB9086}.Debug|Any CPU.Build.0 = Debug|Any CPU
		{C64D223D-1B9C-4C71-B913-6A7FE1FB9086}.Release|Any CPU.ActiveCfg = Release|Any CPU
		{C64D223D-1B9C-4C71-B913-6A7FE1FB9086}.Release|Any CPU.Build.0 = Release|Any CPU
		{04CAEDDF-10A7-4CF3-AA1B-99EBFF26E2E1}.Debug|Any CPU.ActiveCfg = Debug|Any CPU
		{04CAEDDF-10A7-4CF3-AA1B-99EBFF26E2E1}.Debug|Any CPU.Build.0 = Debug|Any CPU
		{04CAEDDF-10A7-4CF3-AA1B-99EBFF26E2E1}.Release|Any CPU.ActiveCfg = Release|Any CPU
		{04CAEDDF-10A7-4CF3-AA1B-99EBFF26E2E1}.Release|Any CPU.Build.0 = Release|Any CPU
		{6CE84026-0C4B-438F-AA24-2206228AD975}.Debug|Any CPU.ActiveCfg = Debug|Any CPU
		{6CE84026-0C4B-438F-AA24-2206228AD975}.Debug|Any CPU.Build.0 = Debug|Any CPU
		{6CE84026-0C4B-438F-AA24-2206228AD975}.Release|Any CPU.ActiveCfg = Release|Any CPU
		{6CE84026-0C4B-438F-AA24-2206228AD975}.Release|Any CPU.Build.0 = Release|Any CPU
		{B0D35C14-1926-46F1-81FF-F285F05EF4FB}.Debug|Any CPU.ActiveCfg = Debug|Any CPU
		{B0D35C14-1926-46F1-81FF-F285F05EF4FB}.Debug|Any CPU.Build.0 = Debug|Any CPU
		{B0D35C14-1926-46F1-81FF-F285F05EF4FB}.Release|Any CPU.ActiveCfg = Release|Any CPU
		{B0D35C14-1926-46F1-81FF-F285F05EF4FB}.Release|Any CPU.Build.0 = Release|Any CPU
		{1D1A2086-1FD1-4C79-B3F0-4D664E571B9F}.Debug|Any CPU.ActiveCfg = Debug|Any CPU
		{1D1A2086-1FD1-4C79-B3F0-4D664E571B9F}.Debug|Any CPU.Build.0 = Debug|Any CPU
		{1D1A2086-1FD1-4C79-B3F0-4D664E571B9F}.Release|Any CPU.ActiveCfg = Release|Any CPU
		{1D1A2086-1FD1-4C79-B3F0-4D664E571B9F}.Release|Any CPU.Build.0 = Release|Any CPU
	EndGlobalSection
EndGlobal
